// !$*UTF8*$!
{
	archiveVersion = 1;
	classes = {
	};
	objectVersion = 46;
	objects = {

/* Begin PBXBuildFile section */
		5301F1391346E78C003C4AF8 /* Cocoa.framework in Frameworks */ = {isa = PBXBuildFile; fileRef = 5301F1381346E78C003C4AF8 /* Cocoa.framework */; };
		5301F13B1346E78C003C4AF8 /* MacRuby.framework in Frameworks */ = {isa = PBXBuildFile; fileRef = 5301F13A1346E78C003C4AF8 /* MacRuby.framework */; };
		5301F1421346E78C003C4AF8 /* InfoPlist.strings in Resources */ = {isa = PBXBuildFile; fileRef = 5301F1401346E78C003C4AF8 /* InfoPlist.strings */; };
		5301F1451346E78C003C4AF8 /* main.m in Sources */ = {isa = PBXBuildFile; fileRef = 5301F1441346E78C003C4AF8 /* main.m */; };
		5301F1491346E78C003C4AF8 /* MainMenu.xib in Resources */ = {isa = PBXBuildFile; fileRef = 5301F1471346E78C003C4AF8 /* MainMenu.xib */; };
		5301F14C1346E78C003C4AF8 /* rb_main.rb in Resources */ = {isa = PBXBuildFile; fileRef = 5301F14B1346E78C003C4AF8 /* rb_main.rb */; };
		5301F14E1346E78C003C4AF8 /* AppDelegate.rb in Resources */ = {isa = PBXBuildFile; fileRef = 5301F14D1346E78C003C4AF8 /* AppDelegate.rb */; };
		5301F1511346E78C003C4AF8 /* Balloon.xcdatamodeld in Sources */ = {isa = PBXBuildFile; fileRef = 5301F14F1346E78C003C4AF8 /* Balloon.xcdatamodeld */; };
		5301F17B1348443A003C4AF8 /* BNImageView.rb in Resources */ = {isa = PBXBuildFile; fileRef = 5301F17A1348443A003C4AF8 /* BNImageView.rb */; };
		5301F17D1348533A003C4AF8 /* config.yml in Resources */ = {isa = PBXBuildFile; fileRef = 5301F17C1348533A003C4AF8 /* config.yml */; };
		53B4F63913485B0F007B827F /* Growl.framework in Frameworks */ = {isa = PBXBuildFile; fileRef = 53B4F63813485B0F007B827F /* Growl.framework */; };
		53B4F63B13485BA6007B827F /* Growl.framework in Resources */ = {isa = PBXBuildFile; fileRef = 53B4F63813485B0F007B827F /* Growl.framework */; };
		53B4F63D13485C1D007B827F /* Growl Registration Ticket.growlRegDict in Resources */ = {isa = PBXBuildFile; fileRef = 53B4F63C13485C1D007B827F /* Growl Registration Ticket.growlRegDict */; };
		53B4F642134862BB007B827F /* ready.png in Resources */ = {isa = PBXBuildFile; fileRef = 53B4F640134862BB007B827F /* ready.png */; };
		53B4F643134862BB007B827F /* uploading.png in Resources */ = {isa = PBXBuildFile; fileRef = 53B4F641134862BB007B827F /* uploading.png */; };
		53B4F64513486328007B827F /* upload.png in Resources */ = {isa = PBXBuildFile; fileRef = 53B4F64413486328007B827F /* upload.png */; };
		53EA8C571390A77500952A57 /* balloon.icns in Resources */ = {isa = PBXBuildFile; fileRef = 53EA8C561390A77500952A57 /* balloon.icns */; };
		53EA8C5C1390A83500952A57 /* UploadOperation.rb in Resources */ = {isa = PBXBuildFile; fileRef = 53EA8C5B1390A83500952A57 /* UploadOperation.rb */; };
/* End PBXBuildFile section */

/* Begin PBXFileReference section */
		5301F1341346E78C003C4AF8 /* Balloon.app */ = {isa = PBXFileReference; explicitFileType = wrapper.application; includeInIndex = 0; path = Balloon.app; sourceTree = BUILT_PRODUCTS_DIR; };
		5301F1381346E78C003C4AF8 /* Cocoa.framework */ = {isa = PBXFileReference; lastKnownFileType = wrapper.framework; name = Cocoa.framework; path = System/Library/Frameworks/Cocoa.framework; sourceTree = SDKROOT; };
		5301F13A1346E78C003C4AF8 /* MacRuby.framework */ = {isa = PBXFileReference; lastKnownFileType = wrapper.framework; name = MacRuby.framework; path = System/Library/Frameworks/MacRuby.framework; sourceTree = SDKROOT; };
		5301F13F1346E78C003C4AF8 /* Balloon-Info.plist */ = {isa = PBXFileReference; lastKnownFileType = text.plist.xml; path = "Balloon-Info.plist"; sourceTree = "<group>"; };
		5301F1411346E78C003C4AF8 /* en */ = {isa = PBXFileReference; lastKnownFileType = text.plist.strings; name = en; path = en.lproj/InfoPlist.strings; sourceTree = "<group>"; };
		5301F1431346E78C003C4AF8 /* Balloon-Prefix.pch */ = {isa = PBXFileReference; lastKnownFileType = sourcecode.c.h; lineEnding = 0; path = "Balloon-Prefix.pch"; sourceTree = "<group>"; xcLanguageSpecificationIdentifier = xcode.lang.objc; };
		5301F1441346E78C003C4AF8 /* main.m */ = {isa = PBXFileReference; lastKnownFileType = sourcecode.c.objc; lineEnding = 0; path = main.m; sourceTree = "<group>"; xcLanguageSpecificationIdentifier = xcode.lang.objc; };
		5301F1481346E78C003C4AF8 /* en */ = {isa = PBXFileReference; lastKnownFileType = file.xib; name = en; path = en.lproj/MainMenu.xib; sourceTree = "<group>"; };
		5301F14B1346E78C003C4AF8 /* rb_main.rb */ = {isa = PBXFileReference; lastKnownFileType = text.script.ruby; lineEnding = 0; path = rb_main.rb; sourceTree = "<group>"; xcLanguageSpecificationIdentifier = xcode.lang.ruby; };
		5301F14D1346E78C003C4AF8 /* AppDelegate.rb */ = {isa = PBXFileReference; lastKnownFileType = text.script.ruby; lineEnding = 0; path = AppDelegate.rb; sourceTree = "<group>"; xcLanguageSpecificationIdentifier = xcode.lang.ruby; };
		5301F1501346E78C003C4AF8 /* Balloon.xcdatamodel */ = {isa = PBXFileReference; lastKnownFileType = wrapper.xcdatamodel; path = Balloon.xcdatamodel; sourceTree = "<group>"; };
		5301F17A1348443A003C4AF8 /* BNImageView.rb */ = {isa = PBXFileReference; fileEncoding = 4; lastKnownFileType = text.script.ruby; lineEnding = 0; path = BNImageView.rb; sourceTree = "<group>"; xcLanguageSpecificationIdentifier = xcode.lang.ruby; };
		5301F17C1348533A003C4AF8 /* config.yml */ = {isa = PBXFileReference; fileEncoding = 4; lastKnownFileType = text; lineEnding = 0; path = config.yml; sourceTree = "<group>"; };
		5301F17E13485697003C4AF8 /* config.yml.example */ = {isa = PBXFileReference; lastKnownFileType = text; lineEnding = 0; path = config.yml.example; sourceTree = "<group>"; };
		53B4F63813485B0F007B827F /* Growl.framework */ = {isa = PBXFileReference; lastKnownFileType = wrapper.framework; name = Growl.framework; path = /Library/Frameworks/Growl.framework; sourceTree = "<absolute>"; };
		53B4F63C13485C1D007B827F /* Growl Registration Ticket.growlRegDict */ = {isa = PBXFileReference; fileEncoding = 4; lastKnownFileType = text; path = "Growl Registration Ticket.growlRegDict"; sourceTree = "<group>"; };
		53B4F640134862BB007B827F /* ready.png */ = {isa = PBXFileReference; lastKnownFileType = image.png; path = ready.png; sourceTree = "<group>"; };
		53B4F641134862BB007B827F /* uploading.png */ = {isa = PBXFileReference; lastKnownFileType = image.png; path = uploading.png; sourceTree = "<group>"; };
		53B4F64413486328007B827F /* upload.png */ = {isa = PBXFileReference; lastKnownFileType = image.png; path = upload.png; sourceTree = "<group>"; };
		53EA8C561390A77500952A57 /* balloon.icns */ = {isa = PBXFileReference; lastKnownFileType = image.icns; path = balloon.icns; sourceTree = "<group>"; };
		53EA8C5B1390A83500952A57 /* UploadOperation.rb */ = {isa = PBXFileReference; fileEncoding = 4; lastKnownFileType = text.script.ruby; path = UploadOperation.rb; sourceTree = "<group>"; };
/* End PBXFileReference section */

/* Begin PBXFrameworksBuildPhase section */
		5301F1311346E78C003C4AF8 /* Frameworks */ = {
			isa = PBXFrameworksBuildPhase;
			buildActionMask = 2147483647;
			files = (
				53B4F63913485B0F007B827F /* Growl.framework in Frameworks */,
				5301F1391346E78C003C4AF8 /* Cocoa.framework in Frameworks */,
				5301F13B1346E78C003C4AF8 /* MacRuby.framework in Frameworks */,
			);
			runOnlyForDeploymentPostprocessing = 0;
		};
/* End PBXFrameworksBuildPhase section */

/* Begin PBXGroup section */
		5301F1291346E78C003C4AF8 = {
			isa = PBXGroup;
			children = (
				53EA8C561390A77500952A57 /* balloon.icns */,
				5301F13D1346E78C003C4AF8 /* Balloon */,
				5301F1371346E78C003C4AF8 /* Frameworks */,
				5301F1351346E78C003C4AF8 /* Products */,
			);
			sourceTree = "<group>";
		};
		5301F1351346E78C003C4AF8 /* Products */ = {
			isa = PBXGroup;
			children = (
				5301F1341346E78C003C4AF8 /* Balloon.app */,
			);
			name = Products;
			sourceTree = "<group>";
		};
		5301F1371346E78C003C4AF8 /* Frameworks */ = {
			isa = PBXGroup;
			children = (
				53B4F63813485B0F007B827F /* Growl.framework */,
				5301F1381346E78C003C4AF8 /* Cocoa.framework */,
				5301F13A1346E78C003C4AF8 /* MacRuby.framework */,
			);
			name = Frameworks;
			sourceTree = "<group>";
		};
		5301F13D1346E78C003C4AF8 /* Balloon */ = {
			isa = PBXGroup;
			children = (
				5301F14D1346E78C003C4AF8 /* AppDelegate.rb */,
				53EA8C5B1390A83500952A57 /* UploadOperation.rb */,
				5301F14F1346E78C003C4AF8 /* Balloon.xcdatamodeld */,
				5301F1461346E78C003C4AF8 /* Resources */,
				5301F14A1346E78C003C4AF8 /* Other Sources */,
				5301F13E1346E78C003C4AF8 /* Supporting Files */,
				5301F17A1348443A003C4AF8 /* BNImageView.rb */,
			);
			path = Balloon;
			sourceTree = "<group>";
		};
		5301F13E1346E78C003C4AF8 /* Supporting Files */ = {
			isa = PBXGroup;
			children = (
				53B4F64413486328007B827F /* upload.png */,
				53B4F640134862BB007B827F /* ready.png */,
				53B4F641134862BB007B827F /* uploading.png */,
				5301F17E13485697003C4AF8 /* config.yml.example */,
				5301F13F1346E78C003C4AF8 /* Balloon-Info.plist */,
				5301F1401346E78C003C4AF8 /* InfoPlist.strings */,
				5301F1431346E78C003C4AF8 /* Balloon-Prefix.pch */,
				5301F1441346E78C003C4AF8 /* main.m */,
				5301F17C1348533A003C4AF8 /* config.yml */,
				53B4F63C13485C1D007B827F /* Growl Registration Ticket.growlRegDict */,
			);
			name = "Supporting Files";
			sourceTree = "<group>";
		};
		5301F1461346E78C003C4AF8 /* Resources */ = {
			isa = PBXGroup;
			children = (
				5301F1471346E78C003C4AF8 /* MainMenu.xib */,
			);
			name = Resources;
			sourceTree = "<group>";
		};
		5301F14A1346E78C003C4AF8 /* Other Sources */ = {
			isa = PBXGroup;
			children = (
				5301F14B1346E78C003C4AF8 /* rb_main.rb */,
			);
			name = "Other Sources";
			sourceTree = "<group>";
		};
/* End PBXGroup section */

/* Begin PBXLegacyTarget section */
		5301F13C1346E78C003C4AF8 /* Deployment */ = {
			isa = PBXLegacyTarget;
			buildArgumentsString = "--compile --embed";
			buildConfigurationList = 5301F1571346E78C003C4AF8 /* Build configuration list for PBXLegacyTarget "Deployment" */;
			buildPhases = (
			);
			buildToolPath = /usr/local/bin/macruby_deploy;
			dependencies = (
			);
			name = Deployment;
			passBuildSettingsInEnvironment = 1;
			productName = Deployment;
		};
/* End PBXLegacyTarget section */

/* Begin PBXNativeTarget section */
		5301F1331346E78C003C4AF8 /* Balloon */ = {
			isa = PBXNativeTarget;
			buildConfigurationList = 5301F1541346E78C003C4AF8 /* Build configuration list for PBXNativeTarget "Balloon" */;
			buildPhases = (
				5301F1301346E78C003C4AF8 /* Sources */,
				5301F1311346E78C003C4AF8 /* Frameworks */,
				5301F1321346E78C003C4AF8 /* Resources */,
			);
			buildRules = (
			);
			dependencies = (
			);
			name = Balloon;
			productName = Balloon;
			productReference = 5301F1341346E78C003C4AF8 /* Balloon.app */;
			productType = "com.apple.product-type.application";
		};
/* End PBXNativeTarget section */

/* Begin PBXProject section */
		5301F12B1346E78C003C4AF8 /* Project object */ = {
			isa = PBXProject;
			attributes = {
				ORGANIZATIONNAME = "AGiLE ANiMAL INC.";
			};
			buildConfigurationList = 5301F12E1346E78C003C4AF8 /* Build configuration list for PBXProject "Balloon" */;
			compatibilityVersion = "Xcode 3.2";
			developmentRegion = English;
			hasScannedForEncodings = 0;
			knownRegions = (
				en,
			);
			mainGroup = 5301F1291346E78C003C4AF8;
			productRefGroup = 5301F1351346E78C003C4AF8 /* Products */;
			projectDirPath = "";
			projectRoot = "";
			targets = (
				5301F1331346E78C003C4AF8 /* Balloon */,
				5301F13C1346E78C003C4AF8 /* Deployment */,
			);
		};
/* End PBXProject section */

/* Begin PBXResourcesBuildPhase section */
		5301F1321346E78C003C4AF8 /* Resources */ = {
			isa = PBXResourcesBuildPhase;
			buildActionMask = 2147483647;
			files = (
				53B4F63B13485BA6007B827F /* Growl.framework in Resources */,
				5301F1421346E78C003C4AF8 /* InfoPlist.strings in Resources */,
				5301F1491346E78C003C4AF8 /* MainMenu.xib in Resources */,
				5301F14C1346E78C003C4AF8 /* rb_main.rb in Resources */,
				5301F14E1346E78C003C4AF8 /* AppDelegate.rb in Resources */,
				5301F17B1348443A003C4AF8 /* BNImageView.rb in Resources */,
				5301F17D1348533A003C4AF8 /* config.yml in Resources */,
				53B4F63D13485C1D007B827F /* Growl Registration Ticket.growlRegDict in Resources */,
				53B4F642134862BB007B827F /* ready.png in Resources */,
				53B4F643134862BB007B827F /* uploading.png in Resources */,
				53B4F64513486328007B827F /* upload.png in Resources */,
				53EA8C571390A77500952A57 /* balloon.icns in Resources */,
				53EA8C5C1390A83500952A57 /* UploadOperation.rb in Resources */,
			);
			runOnlyForDeploymentPostprocessing = 0;
		};
/* End PBXResourcesBuildPhase section */

/* Begin PBXSourcesBuildPhase section */
		5301F1301346E78C003C4AF8 /* Sources */ = {
			isa = PBXSourcesBuildPhase;
			buildActionMask = 2147483647;
			files = (
				5301F1451346E78C003C4AF8 /* main.m in Sources */,
				5301F1511346E78C003C4AF8 /* Balloon.xcdatamodeld in Sources */,
			);
			runOnlyForDeploymentPostprocessing = 0;
		};
/* End PBXSourcesBuildPhase section */

/* Begin PBXVariantGroup section */
		5301F1401346E78C003C4AF8 /* InfoPlist.strings */ = {
			isa = PBXVariantGroup;
			children = (
				5301F1411346E78C003C4AF8 /* en */,
			);
			name = InfoPlist.strings;
			sourceTree = "<group>";
		};
		5301F1471346E78C003C4AF8 /* MainMenu.xib */ = {
			isa = PBXVariantGroup;
			children = (
				5301F1481346E78C003C4AF8 /* en */,
			);
			name = MainMenu.xib;
			sourceTree = "<group>";
		};
/* End PBXVariantGroup section */

/* Begin XCBuildConfiguration section */
		5301F1521346E78C003C4AF8 /* Debug */ = {
			isa = XCBuildConfiguration;
			buildSettings = {
				ARCHS = "$(ARCHS_STANDARD_32_64_BIT)";
				GCC_C_LANGUAGE_STANDARD = gnu99;
				GCC_OPTIMIZATION_LEVEL = 0;
				GCC_PREPROCESSOR_DEFINITIONS = DEBUG;
				GCC_SYMBOLS_PRIVATE_EXTERN = NO;
				GCC_VERSION = com.apple.compilers.llvm.clang.1_0;
				GCC_WARN_64_TO_32_BIT_CONVERSION = YES;
				GCC_WARN_ABOUT_RETURN_TYPE = YES;
				GCC_WARN_UNUSED_VARIABLE = YES;
				MACOSX_DEPLOYMENT_TARGET = 10.6;
				ONLY_ACTIVE_ARCH = YES;
				SDKROOT = macosx;
			};
			name = Debug;
		};
		5301F1531346E78C003C4AF8 /* Release */ = {
			isa = XCBuildConfiguration;
			buildSettings = {
				ARCHS = "$(ARCHS_STANDARD_32_64_BIT)";
				GCC_C_LANGUAGE_STANDARD = gnu99;
				GCC_VERSION = com.apple.compilers.llvm.clang.1_0;
				GCC_WARN_64_TO_32_BIT_CONVERSION = YES;
				GCC_WARN_ABOUT_RETURN_TYPE = YES;
				GCC_WARN_UNUSED_VARIABLE = YES;
				MACOSX_DEPLOYMENT_TARGET = 10.6;
				SDKROOT = macosx;
			};
			name = Release;
		};
		5301F1551346E78C003C4AF8 /* Debug */ = {
			isa = XCBuildConfiguration;
			buildSettings = {
				ALWAYS_SEARCH_USER_PATHS = NO;
				COPY_PHASE_STRIP = NO;
				GCC_DYNAMIC_NO_PIC = NO;
				GCC_ENABLE_OBJC_EXCEPTIONS = YES;
				GCC_ENABLE_OBJC_GC = required;
				GCC_PRECOMPILE_PREFIX_HEADER = YES;
				GCC_PREFIX_HEADER = "Balloon/Balloon-Prefix.pch";
				INFOPLIST_FILE = "Balloon/Balloon-Info.plist";
				PRODUCT_NAME = "$(TARGET_NAME)";
				WRAPPER_EXTENSION = app;
			};
			name = Debug;
		};
		5301F1561346E78C003C4AF8 /* Release */ = {
			isa = XCBuildConfiguration;
			buildSettings = {
				ALWAYS_SEARCH_USER_PATHS = NO;
				COPY_PHASE_STRIP = YES;
				DEBUG_INFORMATION_FORMAT = "dwarf-with-dsym";
				GCC_ENABLE_OBJC_EXCEPTIONS = YES;
				GCC_ENABLE_OBJC_GC = required;
				GCC_PRECOMPILE_PREFIX_HEADER = YES;
				GCC_PREFIX_HEADER = "Balloon/Balloon-Prefix.pch";
				INFOPLIST_FILE = "Balloon/Balloon-Info.plist";
				PRODUCT_NAME = "$(TARGET_NAME)";
				WRAPPER_EXTENSION = app;
			};
			name = Release;
		};
		5301F1581346E78C003C4AF8 /* Debug */ = {
			isa = XCBuildConfiguration;
			buildSettings = {
			};
			name = Debug;
		};
		5301F1591346E78C003C4AF8 /* Release */ = {
			isa = XCBuildConfiguration;
			buildSettings = {
			};
			name = Release;
		};
/* End XCBuildConfiguration section */

/* Begin XCConfigurationList section */
		5301F12E1346E78C003C4AF8 /* Build configuration list for PBXProject "Balloon" */ = {
			isa = XCConfigurationList;
			buildConfigurations = (
				5301F1521346E78C003C4AF8 /* Debug */,
				5301F1531346E78C003C4AF8 /* Release */,
			);
			defaultConfigurationIsVisible = 0;
			defaultConfigurationName = Release;
		};
		5301F1541346E78C003C4AF8 /* Build configuration list for PBXNativeTarget "Balloon" */ = {
			isa = XCConfigurationList;
			buildConfigurations = (
				5301F1551346E78C003C4AF8 /* Debug */,
				5301F1561346E78C003C4AF8 /* Release */,
			);
			defaultConfigurationIsVisible = 0;
			defaultConfigurationName = Release;
		};
		5301F1571346E78C003C4AF8 /* Build configuration list for PBXLegacyTarget "Deployment" */ = {
			isa = XCConfigurationList;
			buildConfigurations = (
				5301F1581346E78C003C4AF8 /* Debug */,
				5301F1591346E78C003C4AF8 /* Release */,
			);
			defaultConfigurationIsVisible = 0;
			defaultConfigurationName = Release;
		};
/* End XCConfigurationList section */

/* Begin XCVersionGroup section */
		5301F14F1346E78C003C4AF8 /* Balloon.xcdatamodeld */ = {
			isa = XCVersionGroup;
			children = (
				5301F1501346E78C003C4AF8 /* Balloon.xcdatamodel */,
			);
			currentVersion = 5301F1501346E78C003C4AF8 /* Balloon.xcdatamodel */;
			path = Balloon.xcdatamodeld;
			sourceTree = "<group>";
			versionGroupType = wrapper.xcdatamodel;
		};
/* End XCVersionGroup section */
	};
	rootObject = 5301F12B1346E78C003C4AF8 /* Project object */;
}
